
Microsoft Visual Studio Solution File, Format Version 12.00
# Visual Studio Version 16
VisualStudioVersion = 16.0.30225.117
MinimumVisualStudioVersion = 10.0.40219.1
Project("{FAE04EC0-301F-11D3-BF4B-00C04F79EFBC}") = "Flipkart", "Flipkart\Flipkart.csproj", "{661128F8-7E35-475A-BF28-D8E027DEA3C6}"
EndProject
Global
	GlobalSection(SolutionConfigurationPlatforms) = preSolution
		Debug|Any CPU = Debug|Any CPU
		Release|Any CPU = Release|Any CPU
	EndGlobalSection
	GlobalSection(ProjectConfigurationPlatforms) = postSolution
		{661128F8-7E35-475A-BF28-D8E027DEA3C6}.Debug|Any CPU.ActiveCfg = Debug|Any CPU
		{661128F8-7E35-475A-BF28-D8E027DEA3C6}.Debug|Any CPU.Build.0 = Debug|Any CPU
		{661128F8-7E35-475A-BF28-D8E027DEA3C6}.Release|Any CPU.ActiveCfg = Release|Any CPU
		{661128F8-7E35-475A-BF28-D8E027DEA3C6}.Release|Any CPU.Build.0 = Release|Any CPU
	EndGlobalSection
	GlobalSection(SolutionProperties) = preSolution
		HideSolutionNode = FALSE
	EndGlobalSection
	GlobalSection(ExtensibilityGlobals) = postSolution
		SolutionGuid = {038D7BDA-02B5-4DA7-95C4-DE53A95DDDA9}
	EndGlobalSection
EndGlobal
